
Microsoft Visual Studio Solution File, Format Version 12.00
# Visual Studio Version 17
VisualStudioVersion = 17.13.35825.156
MinimumVisualStudioVersion = 10.0.40219.1
Project("{FAE04EC0-301F-11D3-BF4B-00C04F79EFBC}") = "GestionDeTareas", "GestionDeTareas\GestionDeTareas.csproj", "{ACCE0C41-3939-4278-BDD9-3DD899BAED71}"
EndProject
Project("{FAE04EC0-301F-11D3-BF4B-00C04F79EFBC}") = "MiProyecto.test", "MiProyecto.test\MiProyecto.test.csproj", "{A166EA08-4ECD-46C2-99D3-C828C8FC6880}"
EndProject
Global
	GlobalSection(SolutionConfigurationPlatforms) = preSolution
		Debug|Any CPU = Debug|Any CPU
		Release|Any CPU = Release|Any CPU
	EndGlobalSection
	GlobalSection(ProjectConfigurationPlatforms) = postSolution
		{ACCE0C41-3939-4278-BDD9-3DD899BAED71}.Debug|Any CPU.ActiveCfg = Debug|Any CPU
		{ACCE0C41-3939-4278-BDD9-3DD899BAED71}.Debug|Any CPU.Build.0 = Debug|Any CPU
		{ACCE0C41-3939-4278-BDD9-3DD899BAED71}.Release|Any CPU.ActiveCfg = Release|Any CPU
		{ACCE0C41-3939-4278-BDD9-3DD899BAED71}.Release|Any CPU.Build.0 = Release|Any CPU
		{A166EA08-4ECD-46C2-99D3-C828C8FC6880}.Debug|Any CPU.ActiveCfg = Debug|Any CPU
		{A166EA08-4ECD-46C2-99D3-C828C8FC6880}.Debug|Any CPU.Build.0 = Debug|Any CPU
		{A166EA08-4ECD-46C2-99D3-C828C8FC6880}.Release|Any CPU.ActiveCfg = Release|Any CPU
		{A166EA08-4ECD-46C2-99D3-C828C8FC6880}.Release|Any CPU.Build.0 = Release|Any CPU
	EndGlobalSection
	GlobalSection(SolutionProperties) = preSolution
		HideSolutionNode = FALSE
	EndGlobalSection
	GlobalSection(ExtensibilityGlobals) = postSolution
		SolutionGuid = {DF3FD58B-A053-46DD-8F30-C6CD39EE43A2}
	EndGlobalSection
EndGlobal
